// !$*UTF8*$!
{
	archiveVersion = 1;
	classes = {
	};
	objectVersion = 56;
	objects = {

/* Begin PBXBuildFile section */
		D0E2630C2AC544170052C5F3 /* SwiftUiStarterApp.swift in Sources */ = {isa = PBXBuildFile; fileRef = D0E2630B2AC544170052C5F3 /* SwiftUiStarterApp.swift */; };
		D0E2630E2AC544170052C5F3 /* ContentView.swift in Sources */ = {isa = PBXBuildFile; fileRef = D0E2630D2AC544170052C5F3 /* ContentView.swift */; };
		D0E263102AC544180052C5F3 /* Assets.xcassets in Resources */ = {isa = PBXBuildFile; fileRef = D0E2630F2AC544180052C5F3 /* Assets.xcassets */; };
		D0E263132AC544180052C5F3 /* Preview Assets.xcassets in Resources */ = {isa = PBXBuildFile; fileRef = D0E263122AC544180052C5F3 /* Preview Assets.xcassets */; };
		D0E2631D2AC544180052C5F3 /* SwiftUiStarterTests.swift in Sources */ = {isa = PBXBuildFile; fileRef = D0E2631C2AC544180052C5F3 /* SwiftUiStarterTests.swift */; };
		D0E263272AC544180052C5F3 /* SwiftUiStarterUITests.swift in Sources */ = {isa = PBXBuildFile; fileRef = D0E263262AC544180052C5F3 /* SwiftUiStarterUITests.swift */; };
		D0E263292AC544180052C5F3 /* SwiftUiStarterUITestsLaunchTests.swift in Sources */ = {isa = PBXBuildFile; fileRef = D0E263282AC544180052C5F3 /* SwiftUiStarterUITestsLaunchTests.swift */; };
/* End PBXBuildFile section */

/* Begin PBXContainerItemProxy section */
		D0E263192AC544180052C5F3 /* PBXContainerItemProxy */ = {
			isa = PBXContainerItemProxy;
			containerPortal = D0E263002AC544170052C5F3 /* Project object */;
			proxyType = 1;
			remoteGlobalIDString = D0E263072AC544170052C5F3;
			remoteInfo = SwiftUiStarter;
		};
		D0E263232AC544180052C5F3 /* PBXContainerItemProxy */ = {
			isa = PBXContainerItemProxy;
			containerPortal = D0E263002AC544170052C5F3 /* Project object */;
			proxyType = 1;
			remoteGlobalIDString = D0E263072AC544170052C5F3;
			remoteInfo = SwiftUiStarter;
		};
/* End PBXContainerItemProxy section */

/* Begin PBXFileReference section */
		D0E263082AC544170052C5F3 /* SwiftUiStarter.app */ = {isa = PBXFileReference; explicitFileType = wrapper.application; includeInIndex = 0; path = SwiftUiStarter.app; sourceTree = BUILT_PRODUCTS_DIR; };
		D0E2630B2AC544170052C5F3 /* SwiftUiStarterApp.swift */ = {isa = PBXFileReference; lastKnownFileType = sourcecode.swift; path = SwiftUiStarterApp.swift; sourceTree = "<group>"; };
		D0E2630D2AC544170052C5F3 /* ContentView.swift */ = {isa = PBXFileReference; lastKnownFileType = sourcecode.swift; path = ContentView.swift; sourceTree = "<group>"; };
		D0E2630F2AC544180052C5F3 /* Assets.xcassets */ = {isa = PBXFileReference; lastKnownFileType = folder.assetcatalog; path = Assets.xcassets; sourceTree = "<group>"; };
		D0E263122AC544180052C5F3 /* Preview Assets.xcassets */ = {isa = PBXFileReference; lastKnownFileType = folder.assetcatalog; path = "Preview Assets.xcassets"; sourceTree = "<group>"; };
		D0E263182AC544180052C5F3 /* SwiftUiStarterTests.xctest */ = {isa = PBXFileReference; explicitFileType = wrapper.cfbundle; includeInIndex = 0; path = SwiftUiStarterTests.xctest; sourceTree = BUILT_PRODUCTS_DIR; };
		D0E2631C2AC544180052C5F3 /* SwiftUiStarterTests.swift */ = {isa = PBXFileReference; lastKnownFileType = sourcecode.swift; path = SwiftUiStarterTests.swift; sourceTree = "<group>"; };
		D0E263222AC544180052C5F3 /* SwiftUiStarterUITests.xctest */ = {isa = PBXFileReference; explicitFileType = wrapper.cfbundle; includeInIndex = 0; path = SwiftUiStarterUITests.xctest; sourceTree = BUILT_PRODUCTS_DIR; };
		D0E263262AC544180052C5F3 /* SwiftUiStarterUITests.swift */ = {isa = PBXFileReference; lastKnownFileType = sourcecode.swift; path = SwiftUiStarterUITests.swift; sourceTree = "<group>"; };
		D0E263282AC544180052C5F3 /* SwiftUiStarterUITestsLaunchTests.swift */ = {isa = PBXFileReference; lastKnownFileType = sourcecode.swift; path = SwiftUiStarterUITestsLaunchTests.swift; sourceTree = "<group>"; };
/* End PBXFileReference section */

/* Begin PBXFrameworksBuildPhase section */
		D0E263052AC544170052C5F3 /* Frameworks */ = {
			isa = PBXFrameworksBuildPhase;
			buildActionMask = 2147483647;
			files = (
			);
			runOnlyForDeploymentPostprocessing = 0;
		};
		D0E263152AC544180052C5F3 /* Frameworks */ = {
			isa = PBXFrameworksBuildPhase;
			buildActionMask = 2147483647;
			files = (
			);
			runOnlyForDeploymentPostprocessing = 0;
		};
		D0E2631F2AC544180052C5F3 /* Frameworks */ = {
			isa = PBXFrameworksBuildPhase;
			buildActionMask = 2147483647;
			files = (
			);
			runOnlyForDeploymentPostprocessing = 0;
		};
/* End PBXFrameworksBuildPhase section */

/* Begin PBXGroup section */
		D0E262FF2AC544170052C5F3 = {
			isa = PBXGroup;
			children = (
				D0E2630A2AC544170052C5F3 /* SwiftUiStarter */,
				D0E2631B2AC544180052C5F3 /* SwiftUiStarterTests */,
				D0E263252AC544180052C5F3 /* SwiftUiStarterUITests */,
				D0E263092AC544170052C5F3 /* Products */,
			);
			sourceTree = "<group>";
		};
		D0E263092AC544170052C5F3 /* Products */ = {
			isa = PBXGroup;
			children = (
				D0E263082AC544170052C5F3 /* SwiftUiStarter.app */,
				D0E263182AC544180052C5F3 /* SwiftUiStarterTests.xctest */,
				D0E263222AC544180052C5F3 /* SwiftUiStarterUITests.xctest */,
			);
			name = Products;
			sourceTree = "<group>";
		};
		D0E2630A2AC544170052C5F3 /* SwiftUiStarter */ = {
			isa = PBXGroup;
			children = (
				D0E2630B2AC544170052C5F3 /* SwiftUiStarterApp.swift */,
				D0E2630D2AC544170052C5F3 /* ContentView.swift */,
				D0E2630F2AC544180052C5F3 /* Assets.xcassets */,
				D0E263112AC544180052C5F3 /* Preview Content */,
			);
			path = SwiftUiStarter;
			sourceTree = "<group>";
		};
		D0E263112AC544180052C5F3 /* Preview Content */ = {
			isa = PBXGroup;
			children = (
				D0E263122AC544180052C5F3 /* Preview Assets.xcassets */,
			);
			path = "Preview Content";
			sourceTree = "<group>";
		};
		D0E2631B2AC544180052C5F3 /* SwiftUiStarterTests */ = {
			isa = PBXGroup;
			children = (
				D0E2631C2AC544180052C5F3 /* SwiftUiStarterTests.swift */,
			);
			path = SwiftUiStarterTests;
			sourceTree = "<group>";
		};
		D0E263252AC544180052C5F3 /* SwiftUiStarterUITests */ = {
			isa = PBXGroup;
			children = (
				D0E263262AC544180052C5F3 /* SwiftUiStarterUITests.swift */,
				D0E263282AC544180052C5F3 /* SwiftUiStarterUITestsLaunchTests.swift */,
			);
			path = SwiftUiStarterUITests;
			sourceTree = "<group>";
		};
/* End PBXGroup section */

/* Begin PBXNativeTarget section */
		D0E263072AC544170052C5F3 /* SwiftUiStarter */ = {
			isa = PBXNativeTarget;
			buildConfigurationList = D0E2632C2AC544180052C5F3 /* Build configuration list for PBXNativeTarget "SwiftUiStarter" */;
			buildPhases = (
				D0E263042AC544170052C5F3 /* Sources */,
				D0E263052AC544170052C5F3 /* Frameworks */,
				D0E263062AC544170052C5F3 /* Resources */,
			);
			buildRules = (
			);
			dependencies = (
			);
			name = SwiftUiStarter;
			productName = SwiftUiStarter;
			productReference = D0E263082AC544170052C5F3 /* SwiftUiStarter.app */;
			productType = "com.apple.product-type.application";
		};
		D0E263172AC544180052C5F3 /* SwiftUiStarterTests */ = {
			isa = PBXNativeTarget;
			buildConfigurationList = D0E2632F2AC544180052C5F3 /* Build configuration list for PBXNativeTarget "SwiftUiStarterTests" */;
			buildPhases = (
				D0E263142AC544180052C5F3 /* Sources */,
				D0E263152AC544180052C5F3 /* Frameworks */,
				D0E263162AC544180052C5F3 /* Resources */,
			);
			buildRules = (
			);
			dependencies = (
				D0E2631A2AC544180052C5F3 /* PBXTargetDependency */,
			);
			name = SwiftUiStarterTests;
			productName = SwiftUiStarterTests;
			productReference = D0E263182AC544180052C5F3 /* SwiftUiStarterTests.xctest */;
			productType = "com.apple.product-type.bundle.unit-test";
		};
		D0E263212AC544180052C5F3 /* SwiftUiStarterUITests */ = {
			isa = PBXNativeTarget;
			buildConfigurationList = D0E263322AC544180052C5F3 /* Build configuration list for PBXNativeTarget "SwiftUiStarterUITests" */;
			buildPhases = (
				D0E2631E2AC544180052C5F3 /* Sources */,
				D0E2631F2AC544180052C5F3 /* Frameworks */,
				D0E263202AC544180052C5F3 /* Resources */,
			);
			buildRules = (
			);
			dependencies = (
				D0E263242AC544180052C5F3 /* PBXTargetDependency */,
			);
			name = SwiftUiStarterUITests;
			productName = SwiftUiStarterUITests;
			productReference = D0E263222AC544180052C5F3 /* SwiftUiStarterUITests.xctest */;
			productType = "com.apple.product-type.bundle.ui-testing";
		};
/* End PBXNativeTarget section */

/* Begin PBXProject section */
		D0E263002AC544170052C5F3 /* Project object */ = {
			isa = PBXProject;
			attributes = {
				BuildIndependentTargetsInParallel = 1;
				LastSwiftUpdateCheck = 1430;
				LastUpgradeCheck = 1430;
				TargetAttributes = {
					D0E263072AC544170052C5F3 = {
						CreatedOnToolsVersion = 14.3.1;
					};
					D0E263172AC544180052C5F3 = {
						CreatedOnToolsVersion = 14.3.1;
						TestTargetID = D0E263072AC544170052C5F3;
					};
					D0E263212AC544180052C5F3 = {
						CreatedOnToolsVersion = 14.3.1;
						TestTargetID = D0E263072AC544170052C5F3;
					};
				};
			};
			buildConfigurationList = D0E263032AC544170052C5F3 /* Build configuration list for PBXProject "SwiftUiStarter" */;
			compatibilityVersion = "Xcode 14.0";
			developmentRegion = en;
			hasScannedForEncodings = 0;
			knownRegions = (
				en,
				Base,
			);
			mainGroup = D0E262FF2AC544170052C5F3;
			productRefGroup = D0E263092AC544170052C5F3 /* Products */;
			projectDirPath = "";
			projectRoot = "";
			targets = (
				D0E263072AC544170052C5F3 /* SwiftUiStarter */,
				D0E263172AC544180052C5F3 /* SwiftUiStarterTests */,
				D0E263212AC544180052C5F3 /* SwiftUiStarterUITests */,
			);
		};
/* End PBXProject section */

/* Begin PBXResourcesBuildPhase section */
		D0E263062AC544170052C5F3 /* Resources */ = {
			isa = PBXResourcesBuildPhase;
			buildActionMask = 2147483647;
			files = (
				D0E263132AC544180052C5F3 /* Preview Assets.xcassets in Resources */,
				D0E263102AC544180052C5F3 /* Assets.xcassets in Resources */,
			);
			runOnlyForDeploymentPostprocessing = 0;
		};
		D0E263162AC544180052C5F3 /* Resources */ = {
			isa = PBXResourcesBuildPhase;
			buildActionMask = 2147483647;
			files = (
			);
			runOnlyForDeploymentPostprocessing = 0;
		};
		D0E263202AC544180052C5F3 /* Resources */ = {
			isa = PBXResourcesBuildPhase;
			buildActionMask = 2147483647;
			files = (
			);
			runOnlyForDeploymentPostprocessing = 0;
		};
/* End PBXResourcesBuildPhase section */

/* Begin PBXSourcesBuildPhase section */
		D0E263042AC544170052C5F3 /* Sources */ = {
			isa = PBXSourcesBuildPhase;
			buildActionMask = 2147483647;
			files = (
				D0E2630E2AC544170052C5F3 /* ContentView.swift in Sources */,
				D0E2630C2AC544170052C5F3 /* SwiftUiStarterApp.swift in Sources */,
			);
			runOnlyForDeploymentPostprocessing = 0;
		};
		D0E263142AC544180052C5F3 /* Sources */ = {
			isa = PBXSourcesBuildPhase;
			buildActionMask = 2147483647;
			files = (
				D0E2631D2AC544180052C5F3 /* SwiftUiStarterTests.swift in Sources */,
			);
			runOnlyForDeploymentPostprocessing = 0;
		};
		D0E2631E2AC544180052C5F3 /* Sources */ = {
			isa = PBXSourcesBuildPhase;
			buildActionMask = 2147483647;
			files = (
				D0E263292AC544180052C5F3 /* SwiftUiStarterUITestsLaunchTests.swift in Sources */,
				D0E263272AC544180052C5F3 /* SwiftUiStarterUITests.swift in Sources */,
			);
			runOnlyForDeploymentPostprocessing = 0;
		};
/* End PBXSourcesBuildPhase section */

/* Begin PBXTargetDependency section */
		D0E2631A2AC544180052C5F3 /* PBXTargetDependency */ = {
			isa = PBXTargetDependency;
			target = D0E263072AC544170052C5F3 /* SwiftUiStarter */;
			targetProxy = D0E263192AC544180052C5F3 /* PBXContainerItemProxy */;
		};
		D0E263242AC544180052C5F3 /* PBXTargetDependency */ = {
			isa = PBXTargetDependency;
			target = D0E263072AC544170052C5F3 /* SwiftUiStarter */;
			targetProxy = D0E263232AC544180052C5F3 /* PBXContainerItemProxy */;
		};
/* End PBXTargetDependency section */

/* Begin XCBuildConfiguration section */
		D0E2632A2AC544180052C5F3 /* Debug */ = {
			isa = XCBuildConfiguration;
			buildSettings = {
				ALWAYS_SEARCH_USER_PATHS = NO;
				CLANG_ANALYZER_NONNULL = YES;
				CLANG_ANALYZER_NUMBER_OBJECT_CONVERSION = YES_AGGRESSIVE;
				CLANG_CXX_LANGUAGE_STANDARD = "gnu++20";
				CLANG_ENABLE_MODULES = YES;
				CLANG_ENABLE_OBJC_ARC = YES;
				CLANG_ENABLE_OBJC_WEAK = YES;
				CLANG_WARN_BLOCK_CAPTURE_AUTORELEASING = YES;
				CLANG_WARN_BOOL_CONVERSION = YES;
				CLANG_WARN_COMMA = YES;
				CLANG_WARN_CONSTANT_CONVERSION = YES;
				CLANG_WARN_DEPRECATED_OBJC_IMPLEMENTATIONS = YES;
				CLANG_WARN_DIRECT_OBJC_ISA_USAGE = YES_ERROR;
				CLANG_WARN_DOCUMENTATION_COMMENTS = YES;
				CLANG_WARN_EMPTY_BODY = YES;
				CLANG_WARN_ENUM_CONVERSION = YES;
				CLANG_WARN_INFINITE_RECURSION = YES;
				CLANG_WARN_INT_CONVERSION = YES;
				CLANG_WARN_NON_LITERAL_NULL_CONVERSION = YES;
				CLANG_WARN_OBJC_IMPLICIT_RETAIN_SELF = YES;
				CLANG_WARN_OBJC_LITERAL_CONVERSION = YES;
				CLANG_WARN_OBJC_ROOT_CLASS = YES_ERROR;
				CLANG_WARN_QUOTED_INCLUDE_IN_FRAMEWORK_HEADER = YES;
				CLANG_WARN_RANGE_LOOP_ANALYSIS = YES;
				CLANG_WARN_STRICT_PROTOTYPES = YES;
				CLANG_WARN_SUSPICIOUS_MOVE = YES;
				CLANG_WARN_UNGUARDED_AVAILABILITY = YES_AGGRESSIVE;
				CLANG_WARN_UNREACHABLE_CODE = YES;
				CLANG_WARN__DUPLICATE_METHOD_MATCH = YES;
				COPY_PHASE_STRIP = NO;
				DEBUG_INFORMATION_FORMAT = dwarf;
				ENABLE_STRICT_OBJC_MSGSEND = YES;
				ENABLE_TESTABILITY = YES;
				GCC_C_LANGUAGE_STANDARD = gnu11;
				GCC_DYNAMIC_NO_PIC = NO;
				GCC_NO_COMMON_BLOCKS = YES;
				GCC_OPTIMIZATION_LEVEL = 0;
				GCC_PREPROCESSOR_DEFINITIONS = (
					"DEBUG=1",
					"$(inherited)",
				);
				GCC_WARN_64_TO_32_BIT_CONVERSION = YES;
				GCC_WARN_ABOUT_RETURN_TYPE = YES_ERROR;
				GCC_WARN_UNDECLARED_SELECTOR = YES;
				GCC_WARN_UNINITIALIZED_AUTOS = YES_AGGRESSIVE;
				GCC_WARN_UNUSED_FUNCTION = YES;
				GCC_WARN_UNUSED_VARIABLE = YES;
				IPHONEOS_DEPLOYMENT_TARGET = 16.4;
				MTL_ENABLE_DEBUG_INFO = INCLUDE_SOURCE;
				MTL_FAST_MATH = YES;
				ONLY_ACTIVE_ARCH = YES;
				SDKROOT = iphoneos;
				SWIFT_ACTIVE_COMPILATION_CONDITIONS = DEBUG;
				SWIFT_OPTIMIZATION_LEVEL = "-Onone";
			};
			name = Debug;
		};
		D0E2632B2AC544180052C5F3 /* Release */ = {
			isa = XCBuildConfiguration;
			buildSettings = {
				ALWAYS_SEARCH_USER_PATHS = NO;
				CLANG_ANALYZER_NONNULL = YES;
				CLANG_ANALYZER_NUMBER_OBJECT_CONVERSION = YES_AGGRESSIVE;
				CLANG_CXX_LANGUAGE_STANDARD = "gnu++20";
				CLANG_ENABLE_MODULES = YES;
				CLANG_ENABLE_OBJC_ARC = YES;
				CLANG_ENABLE_OBJC_WEAK = YES;
				CLANG_WARN_BLOCK_CAPTURE_AUTORELEASING = YES;
				CLANG_WARN_BOOL_CONVERSION = YES;
				CLANG_WARN_COMMA = YES;
				CLANG_WARN_CONSTANT_CONVERSION = YES;
				CLANG_WARN_DEPRECATED_OBJC_IMPLEMENTATIONS = YES;
				CLANG_WARN_DIRECT_OBJC_ISA_USAGE = YES_ERROR;
				CLANG_WARN_DOCUMENTATION_COMMENTS = YES;
				CLANG_WARN_EMPTY_BODY = YES;
				CLANG_WARN_ENUM_CONVERSION = YES;
				CLANG_WARN_INFINITE_RECURSION = YES;
				CLANG_WARN_INT_CONVERSION = YES;
				CLANG_WARN_NON_LITERAL_NULL_CONVERSION = YES;
				CLANG_WARN_OBJC_IMPLICIT_RETAIN_SELF = YES;
				CLANG_WARN_OBJC_LITERAL_CONVERSION = YES;
				CLANG_WARN_OBJC_ROOT_CLASS = YES_ERROR;
				CLANG_WARN_QUOTED_INCLUDE_IN_FRAMEWORK_HEADER = YES;
				CLANG_WARN_RANGE_LOOP_ANALYSIS = YES;
				CLANG_WARN_STRICT_PROTOTYPES = YES;
				CLANG_WARN_SUSPICIOUS_MOVE = YES;
				CLANG_WARN_UNGUARDED_AVAILABILITY = YES_AGGRESSIVE;
				CLANG_WARN_UNREACHABLE_CODE = YES;
				CLANG_WARN__DUPLICATE_METHOD_MATCH = YES;
				COPY_PHASE_STRIP = NO;
				DEBUG_INFORMATION_FORMAT = "dwarf-with-dsym";
				ENABLE_NS_ASSERTIONS = NO;
				ENABLE_STRICT_OBJC_MSGSEND = YES;
				GCC_C_LANGUAGE_STANDARD = gnu11;
				GCC_NO_COMMON_BLOCKS = YES;
				GCC_WARN_64_TO_32_BIT_CONVERSION = YES;
				GCC_WARN_ABOUT_RETURN_TYPE = YES_ERROR;
				GCC_WARN_UNDECLARED_SELECTOR = YES;
				GCC_WARN_UNINITIALIZED_AUTOS = YES_AGGRESSIVE;
				GCC_WARN_UNUSED_FUNCTION = YES;
				GCC_WARN_UNUSED_VARIABLE = YES;
				IPHONEOS_DEPLOYMENT_TARGET = 16.4;
				MTL_ENABLE_DEBUG_INFO = NO;
				MTL_FAST_MATH = YES;
				SDKROOT = iphoneos;
				SWIFT_COMPILATION_MODE = wholemodule;
				SWIFT_OPTIMIZATION_LEVEL = "-O";
				VALIDATE_PRODUCT = YES;
			};
			name = Release;
		};
		D0E2632D2AC544180052C5F3 /* Debug */ = {
			isa = XCBuildConfiguration;
			buildSettings = {
				ASSETCATALOG_COMPILER_APPICON_NAME = AppIcon;
				ASSETCATALOG_COMPILER_GLOBAL_ACCENT_COLOR_NAME = AccentColor;
				CODE_SIGN_STYLE = Automatic;
				CURRENT_PROJECT_VERSION = 1;
				DEVELOPMENT_ASSET_PATHS = "\"SwiftUiStarter/Preview Content\"";
				DEVELOPMENT_TEAM = TZ6TVUG32Q;
				ENABLE_PREVIEWS = YES;
				GENERATE_INFOPLIST_FILE = YES;
				INFOPLIST_KEY_UIApplicationSceneManifest_Generation = YES;
				INFOPLIST_KEY_UIApplicationSupportsIndirectInputEvents = YES;
				INFOPLIST_KEY_UILaunchScreen_Generation = YES;
				INFOPLIST_KEY_UISupportedInterfaceOrientations_iPad = "UIInterfaceOrientationPortrait UIInterfaceOrientationPortraitUpsideDown UIInterfaceOrientationLandscapeLeft UIInterfaceOrientationLandscapeRight";
				INFOPLIST_KEY_UISupportedInterfaceOrientations_iPhone = "UIInterfaceOrientationPortrait UIInterfaceOrientationLandscapeLeft UIInterfaceOrientationLandscapeRight";
				LD_RUNPATH_SEARCH_PATHS = (
					"$(inherited)",
					"@executable_path/Frameworks",
				);
				MARKETING_VERSION = 1.0;
				PRODUCT_BUNDLE_IDENTIFIER = Alvin.SwiftUiStarter;
				PRODUCT_NAME = "$(TARGET_NAME)";
				SWIFT_EMIT_LOC_STRINGS = YES;
				SWIFT_VERSION = 5.0;
				TARGETED_DEVICE_FAMILY = "1,2";
			};
			name = Debug;
		};
		D0E2632E2AC544180052C5F3 /* Release */ = {
			isa = XCBuildConfiguration;
			buildSettings = {
				ASSETCATALOG_COMPILER_APPICON_NAME = AppIcon;
				ASSETCATALOG_COMPILER_GLOBAL_ACCENT_COLOR_NAME = AccentColor;
				CODE_SIGN_STYLE = Automatic;
				CURRENT_PROJECT_VERSION = 1;
				DEVELOPMENT_ASSET_PATHS = "\"SwiftUiStarter/Preview Content\"";
				DEVELOPMENT_TEAM = TZ6TVUG32Q;
				ENABLE_PREVIEWS = YES;
				GENERATE_INFOPLIST_FILE = YES;
				INFOPLIST_KEY_UIApplicationSceneManifest_Generation = YES;
				INFOPLIST_KEY_UIApplicationSupportsIndirectInputEvents = YES;
				INFOPLIST_KEY_UILaunchScreen_Generation = YES;
				INFOPLIST_KEY_UISupportedInterfaceOrientations_iPad = "UIInterfaceOrientationPortrait UIInterfaceOrientationPortraitUpsideDown UIInterfaceOrientationLandscapeLeft UIInterfaceOrientationLandscapeRight";
				INFOPLIST_KEY_UISupportedInterfaceOrientations_iPhone = "UIInterfaceOrientationPortrait UIInterfaceOrientationLandscapeLeft UIInterfaceOrientationLandscapeRight";
				LD_RUNPATH_SEARCH_PATHS = (
					"$(inherited)",
					"@executable_path/Frameworks",
				);
				MARKETING_VERSION = 1.0;
				PRODUCT_BUNDLE_IDENTIFIER = Alvin.SwiftUiStarter;
				PRODUCT_NAME = "$(TARGET_NAME)";
				SWIFT_EMIT_LOC_STRINGS = YES;
				SWIFT_VERSION = 5.0;
				TARGETED_DEVICE_FAMILY = "1,2";
			};
			name = Release;
		};
		D0E263302AC544180052C5F3 /* Debug */ = {
			isa = XCBuildConfiguration;
			buildSettings = {
				ALWAYS_EMBED_SWIFT_STANDARD_LIBRARIES = YES;
				BUNDLE_LOADER = "$(TEST_HOST)";
				CODE_SIGN_STYLE = Automatic;
				CURRENT_PROJECT_VERSION = 1;
				DEVELOPMENT_TEAM = TZ6TVUG32Q;
				GENERATE_INFOPLIST_FILE = YES;
				IPHONEOS_DEPLOYMENT_TARGET = 16.4;
				MARKETING_VERSION = 1.0;
				PRODUCT_BUNDLE_IDENTIFIER = Alvin.SwiftUiStarterTests;
				PRODUCT_NAME = "$(TARGET_NAME)";
				SWIFT_EMIT_LOC_STRINGS = NO;
				SWIFT_VERSION = 5.0;
				TARGETED_DEVICE_FAMILY = "1,2";
				TEST_HOST = "$(BUILT_PRODUCTS_DIR)/SwiftUiStarter.app/$(BUNDLE_EXECUTABLE_FOLDER_PATH)/SwiftUiStarter";
			};
			name = Debug;
		};
		D0E263312AC544180052C5F3 /* Release */ = {
			isa = XCBuildConfiguration;
			buildSettings = {
				ALWAYS_EMBED_SWIFT_STANDARD_LIBRARIES = YES;
				BUNDLE_LOADER = "$(TEST_HOST)";
				CODE_SIGN_STYLE = Automatic;
				CURRENT_PROJECT_VERSION = 1;
				DEVELOPMENT_TEAM = TZ6TVUG32Q;
				GENERATE_INFOPLIST_FILE = YES;
				IPHONEOS_DEPLOYMENT_TARGET = 16.4;
				MARKETING_VERSION = 1.0;
				PRODUCT_BUNDLE_IDENTIFIER = Alvin.SwiftUiStarterTests;
				PRODUCT_NAME = "$(TARGET_NAME)";
				SWIFT_EMIT_LOC_STRINGS = NO;
				SWIFT_VERSION = 5.0;
				TARGETED_DEVICE_FAMILY = "1,2";
				TEST_HOST = "$(BUILT_PRODUCTS_DIR)/SwiftUiStarter.app/$(BUNDLE_EXECUTABLE_FOLDER_PATH)/SwiftUiStarter";
			};
			name = Release;
		};
		D0E263332AC544180052C5F3 /* Debug */ = {
			isa = XCBuildConfiguration;
			buildSettings = {
				ALWAYS_EMBED_SWIFT_STANDARD_LIBRARIES = YES;
				CODE_SIGN_STYLE = Automatic;
				CURRENT_PROJECT_VERSION = 1;
				DEVELOPMENT_TEAM = TZ6TVUG32Q;
				GENERATE_INFOPLIST_FILE = YES;
				MARKETING_VERSION = 1.0;
				PRODUCT_BUNDLE_IDENTIFIER = Alvin.SwiftUiStarterUITests;
				PRODUCT_NAME = "$(TARGET_NAME)";
				SWIFT_EMIT_LOC_STRINGS = NO;
				SWIFT_VERSION = 5.0;
				TARGETED_DEVICE_FAMILY = "1,2";
				TEST_TARGET_NAME = SwiftUiStarter;
			};
			name = Debug;
		};
		D0E263342AC544180052C5F3 /* Release */ = {
			isa = XCBuildConfiguration;
			buildSettings = {
				ALWAYS_EMBED_SWIFT_STANDARD_LIBRARIES = YES;
				CODE_SIGN_STYLE = Automatic;
				CURRENT_PROJECT_VERSION = 1;
				DEVELOPMENT_TEAM = TZ6TVUG32Q;
				GENERATE_INFOPLIST_FILE = YES;
				MARKETING_VERSION = 1.0;
				PRODUCT_BUNDLE_IDENTIFIER = Alvin.SwiftUiStarterUITests;
				PRODUCT_NAME = "$(TARGET_NAME)";
				SWIFT_EMIT_LOC_STRINGS = NO;
				SWIFT_VERSION = 5.0;
				TARGETED_DEVICE_FAMILY = "1,2";
				TEST_TARGET_NAME = SwiftUiStarter;
			};
			name = Release;
		};
/* End XCBuildConfiguration section */

/* Begin XCConfigurationList section */
		D0E263032AC544170052C5F3 /* Build configuration list for PBXProject "SwiftUiStarter" */ = {
			isa = XCConfigurationList;
			buildConfigurations = (
				D0E2632A2AC544180052C5F3 /* Debug */,
				D0E2632B2AC544180052C5F3 /* Release */,
			);
			defaultConfigurationIsVisible = 0;
			defaultConfigurationName = Release;
		};
		D0E2632C2AC544180052C5F3 /* Build configuration list for PBXNativeTarget "SwiftUiStarter" */ = {
			isa = XCConfigurationList;
			buildConfigurations = (
				D0E2632D2AC544180052C5F3 /* Debug */,
				D0E2632E2AC544180052C5F3 /* Release */,
			);
			defaultConfigurationIsVisible = 0;
			defaultConfigurationName = Release;
		};
		D0E2632F2AC544180052C5F3 /* Build configuration list for PBXNativeTarget "SwiftUiStarterTests" */ = {
			isa = XCConfigurationList;
			buildConfigurations = (
				D0E263302AC544180052C5F3 /* Debug */,
				D0E263312AC544180052C5F3 /* Release */,
			);
			defaultConfigurationIsVisible = 0;
			defaultConfigurationName = Release;
		};
		D0E263322AC544180052C5F3 /* Build configuration list for PBXNativeTarget "SwiftUiStarterUITests" */ = {
			isa = XCConfigurationList;
			buildConfigurations = (
				D0E263332AC544180052C5F3 /* Debug */,
				D0E263342AC544180052C5F3 /* Release */,
			);
			defaultConfigurationIsVisible = 0;
			defaultConfigurationName = Release;
		};
/* End XCConfigurationList section */
	};
	rootObject = D0E263002AC544170052C5F3 /* Project object */;
}
